
Microsoft Visual Studio Solution File, Format Version 12.00
# Visual Studio 15
VisualStudioVersion = 15.0.28307.2017
MinimumVisualStudioVersion = 10.0.40219.1
Project("{8BC9CEB8-8B4A-11D0-8D11-00A0C91BC942}") = "函数调用——判断闰年", "函数调用——判断闰年\函数调用——判断闰年.vcxproj", "{BD9E34CC-83CD-42C8-9CFC-94F415FA3BF4}"
EndProject
Global
	GlobalSection(SolutionConfigurationPlatforms) = preSolution
		Debug|x64 = Debug|x64
		Debug|x86 = Debug|x86
		Release|x64 = Release|x64
		Release|x86 = Release|x86
	EndGlobalSection
	GlobalSection(ProjectConfigurationPlatforms) = postSolution
		{BD9E34CC-83CD-42C8-9CFC-94F415FA3BF4}.Debug|x64.ActiveCfg = Debug|x64
		{BD9E34CC-83CD-42C8-9CFC-94F415FA3BF4}.Debug|x64.Build.0 = Debug|x64
		{BD9E34CC-83CD-42C8-9CFC-94F415FA3BF4}.Debug|x86.ActiveCfg = Debug|Win32
		{BD9E34CC-83CD-42C8-9CFC-94F415FA3BF4}.Debug|x86.Build.0 = Debug|Win32
		{BD9E34CC-83CD-42C8-9CFC-94F415FA3BF4}.Release|x64.ActiveCfg = Release|x64
		{BD9E34CC-83CD-42C8-9CFC-94F415FA3BF4}.Release|x64.Build.0 = Release|x64
		{BD9E34CC-83CD-42C8-9CFC-94F415FA3BF4}.Release|x86.ActiveCfg = Release|Win32
		{BD9E34CC-83CD-42C8-9CFC-94F415FA3BF4}.Release|x86.Build.0 = Release|Win32
	EndGlobalSection
	GlobalSection(SolutionProperties) = preSolution
		HideSolutionNode = FALSE
	EndGlobalSection
	GlobalSection(ExtensibilityGlobals) = postSolution
		SolutionGuid = {7D07D6BB-6B9F-4FC9-9F3C-7DBA26645F81}
	EndGlobalSection
EndGlobal
