
Microsoft Visual Studio Solution File, Format Version 12.00
# Visual Studio 15
VisualStudioVersion = 15.0.28307.2017
MinimumVisualStudioVersion = 10.0.40219.1
Project("{8BC9CEB8-8B4A-11D0-8D11-00A0C91BC942}") = "求十个数最大", "求十个数最大\求十个数最大.vcxproj", "{F2E78FC3-6147-4EF4-A9E8-DF89D8969814}"
EndProject
Global
	GlobalSection(SolutionConfigurationPlatforms) = preSolution
		Debug|x64 = Debug|x64
		Debug|x86 = Debug|x86
		Release|x64 = Release|x64
		Release|x86 = Release|x86
	EndGlobalSection
	GlobalSection(ProjectConfigurationPlatforms) = postSolution
		{F2E78FC3-6147-4EF4-A9E8-DF89D8969814}.Debug|x64.ActiveCfg = Debug|x64
		{F2E78FC3-6147-4EF4-A9E8-DF89D8969814}.Debug|x64.Build.0 = Debug|x64
		{F2E78FC3-6147-4EF4-A9E8-DF89D8969814}.Debug|x86.ActiveCfg = Debug|Win32
		{F2E78FC3-6147-4EF4-A9E8-DF89D8969814}.Debug|x86.Build.0 = Debug|Win32
		{F2E78FC3-6147-4EF4-A9E8-DF89D8969814}.Release|x64.ActiveCfg = Release|x64
		{F2E78FC3-6147-4EF4-A9E8-DF89D8969814}.Release|x64.Build.0 = Release|x64
		{F2E78FC3-6147-4EF4-A9E8-DF89D8969814}.Release|x86.ActiveCfg = Release|Win32
		{F2E78FC3-6147-4EF4-A9E8-DF89D8969814}.Release|x86.Build.0 = Release|Win32
	EndGlobalSection
	GlobalSection(SolutionProperties) = preSolution
		HideSolutionNode = FALSE
	EndGlobalSection
	GlobalSection(ExtensibilityGlobals) = postSolution
		SolutionGuid = {935C27ED-F0ED-41EC-9FCF-60E21B942A35}
	EndGlobalSection
EndGlobal
